
Microsoft Visual Studio Solution File, Format Version 12.00
# Visual Studio Version 16
VisualStudioVersion = 16.0.30907.101
MinimumVisualStudioVersion = 10.0.40219.1
Project("{FAE04EC0-301F-11D3-BF4B-00C04F79EFBC}") = "CinemaClientApplication", "CinemaClientApplication.csproj", "{828E6235-BF46-4F01-959D-C7399F3598C3}"
EndProject
Global
	GlobalSection(SolutionConfigurationPlatforms) = preSolution
		Debug|Any CPU = Debug|Any CPU
		Release|Any CPU = Release|Any CPU
	EndGlobalSection
	GlobalSection(ProjectConfigurationPlatforms) = postSolution
		{828E6235-BF46-4F01-959D-C7399F3598C3}.Debug|Any CPU.ActiveCfg = Debug|Any CPU
		{828E6235-BF46-4F01-959D-C7399F3598C3}.Debug|Any CPU.Build.0 = Debug|Any CPU
		{828E6235-BF46-4F01-959D-C7399F3598C3}.Release|Any CPU.ActiveCfg = Release|Any CPU
		{828E6235-BF46-4F01-959D-C7399F3598C3}.Release|Any CPU.Build.0 = Release|Any CPU
	EndGlobalSection
	GlobalSection(SolutionProperties) = preSolution
		HideSolutionNode = FALSE
	EndGlobalSection
	GlobalSection(ExtensibilityGlobals) = postSolution
		SolutionGuid = {582BA117-37EB-4AF9-A67D-F4F083207334}
	EndGlobalSection
EndGlobal
